// !$*UTF8*$!
{
	archiveVersion = 1;
	classes = {
	};
	objectVersion = 55;
	objects = {

/* Begin PBXBuildFile section */
		8C05BC6327B2B701006F57AD /* io_bus.c in Sources */ = {isa = PBXBuildFile; fileRef = 8C05BC6227B2B701006F57AD /* io_bus.c */; };
		8C925E7A27AAED6E00150F9E /* handlers.c in Sources */ = {isa = PBXBuildFile; fileRef = 8C925E7927AAED6E00150F9E /* handlers.c */; };
		8C925E7C27AAF04200150F9E /* cpu.c in Sources */ = {isa = PBXBuildFile; fileRef = 8C925E7B27AAF04200150F9E /* cpu.c */; };
		8C925E7E27AB043600150F9E /* read.c in Sources */ = {isa = PBXBuildFile; fileRef = 8C925E7D27AB043600150F9E /* read.c */; };
		8C925E8027AB057900150F9E /* load.c in Sources */ = {isa = PBXBuildFile; fileRef = 8C925E7F27AB057900150F9E /* load.c */; };
		8C925E8227AB08C000150F9E /* translate.c in Sources */ = {isa = PBXBuildFile; fileRef = 8C925E8127AB08C000150F9E /* translate.c */; };
		8C925E8627AB0F3400150F9E /* termdata.c in Sources */ = {isa = PBXBuildFile; fileRef = 8C925E8527AB0F3400150F9E /* termdata.c */; };
		8CAFC6FE27AD9F9F00FA69B7 /* sdl.c in Sources */ = {isa = PBXBuildFile; fileRef = 8CAFC6FD27AD9F9F00FA69B7 /* sdl.c */; };
		8CAFC70327ADA51500FA69B7 /* libSDL2.dylib in Frameworks */ = {isa = PBXBuildFile; fileRef = 8CAFC70227ADA51500FA69B7 /* libSDL2.dylib */; };
		8CAFC70627ADA69700FA69B7 /* kb.h in Sources */ = {isa = PBXBuildFile; fileRef = 8CAFC70527ADA69700FA69B7 /* kb.h */; };
		8CAFC70827ADA76C00FA69B7 /* io_load.c in Sources */ = {isa = PBXBuildFile; fileRef = 8CAFC70727ADA76C00FA69B7 /* io_load.c */; };
		8CAFC70C27ADA8B100FA69B7 /* scd.c in Sources */ = {isa = PBXBuildFile; fileRef = 8CAFC70B27ADA8B100FA69B7 /* scd.c */; };
		8CAFC70E27ADA8CA00FA69B7 /* events.c in Sources */ = {isa = PBXBuildFile; fileRef = 8CAFC70D27ADA8CA00FA69B7 /* events.c */; };
		8CAFC71027ADAABE00FA69B7 /* libSDL2_ttf.dylib in Frameworks */ = {isa = PBXBuildFile; fileRef = 8CAFC70F27ADAABE00FA69B7 /* libSDL2_ttf.dylib */; };
		8CAFC71227ADB0FD00FA69B7 /* kb.c in Sources */ = {isa = PBXBuildFile; fileRef = 8CAFC71127ADB0FD00FA69B7 /* kb.c */; };
		8CAFC71527ADB33200FA69B7 /* stack.c in Sources */ = {isa = PBXBuildFile; fileRef = 8CAFC71427ADB33200FA69B7 /* stack.c */; };
		8CAFC71927ADBEBF00FA69B7 /* advops.c in Sources */ = {isa = PBXBuildFile; fileRef = 8CAFC71827ADBEBF00FA69B7 /* advops.c */; };
		8CB19B2027A9FDCB00CC7204 /* main.c in Sources */ = {isa = PBXBuildFile; fileRef = 8CB19B1F27A9FDCB00CC7204 /* main.c */; };
		8CB19B3027A9FF9A00CC7204 /* ops.c in Sources */ = {isa = PBXBuildFile; fileRef = 8CB19B2F27A9FF9A00CC7204 /* ops.c */; };
/* End PBXBuildFile section */

/* Begin PBXCopyFilesBuildPhase section */
		8CB19B1A27A9FDCB00CC7204 /* CopyFiles */ = {
			isa = PBXCopyFilesBuildPhase;
			buildActionMask = 2147483647;
			dstPath = /usr/share/man/man1/;
			dstSubfolderSpec = 0;
			files = (
			);
			runOnlyForDeploymentPostprocessing = 1;
		};
/* End PBXCopyFilesBuildPhase section */

/* Begin PBXFileReference section */
		8C05BC6227B2B701006F57AD /* io_bus.c */ = {isa = PBXFileReference; lastKnownFileType = sourcecode.c.c; path = io_bus.c; sourceTree = "<group>"; };
		8C925E7927AAED6E00150F9E /* handlers.c */ = {isa = PBXFileReference; lastKnownFileType = sourcecode.c.c; path = handlers.c; sourceTree = "<group>"; };
		8C925E7B27AAF04200150F9E /* cpu.c */ = {isa = PBXFileReference; lastKnownFileType = sourcecode.c.c; path = cpu.c; sourceTree = "<group>"; };
		8C925E7D27AB043600150F9E /* read.c */ = {isa = PBXFileReference; lastKnownFileType = sourcecode.c.c; path = read.c; sourceTree = "<group>"; };
		8C925E7F27AB057900150F9E /* load.c */ = {isa = PBXFileReference; lastKnownFileType = sourcecode.c.c; path = load.c; sourceTree = "<group>"; };
		8C925E8127AB08C000150F9E /* translate.c */ = {isa = PBXFileReference; lastKnownFileType = sourcecode.c.c; path = translate.c; sourceTree = "<group>"; };
		8C925E8427AB0EED00150F9E /* term.h */ = {isa = PBXFileReference; lastKnownFileType = sourcecode.c.h; path = term.h; sourceTree = "<group>"; };
		8C925E8527AB0F3400150F9E /* termdata.c */ = {isa = PBXFileReference; lastKnownFileType = sourcecode.c.c; path = termdata.c; sourceTree = "<group>"; };
		8CAFC6FD27AD9F9F00FA69B7 /* sdl.c */ = {isa = PBXFileReference; lastKnownFileType = sourcecode.c.c; path = sdl.c; sourceTree = "<group>"; };
		8CAFC70027AD9FD200FA69B7 /* libSDL2.dylib */ = {isa = PBXFileReference; lastKnownFileType = "compiled.mach-o.dylib"; name = libSDL2.dylib; path = ../../../../../../../../usr/local/Cellar/sdl2/2.0.18/lib/libSDL2.dylib; sourceTree = "<group>"; };
		8CAFC70227ADA51500FA69B7 /* libSDL2.dylib */ = {isa = PBXFileReference; lastKnownFileType = "compiled.mach-o.dylib"; name = libSDL2.dylib; path = ../../../../../../../../usr/local/Cellar/sdl2/2.0.20/lib/libSDL2.dylib; sourceTree = "<group>"; };
		8CAFC70527ADA69700FA69B7 /* kb.h */ = {isa = PBXFileReference; lastKnownFileType = sourcecode.c.h; path = kb.h; sourceTree = "<group>"; };
		8CAFC70727ADA76C00FA69B7 /* io_load.c */ = {isa = PBXFileReference; lastKnownFileType = sourcecode.c.c; path = io_load.c; sourceTree = "<group>"; };
		8CAFC70A27ADA7E100FA69B7 /* scd.h */ = {isa = PBXFileReference; lastKnownFileType = sourcecode.c.h; path = scd.h; sourceTree = "<group>"; };
		8CAFC70B27ADA8B100FA69B7 /* scd.c */ = {isa = PBXFileReference; lastKnownFileType = sourcecode.c.c; path = scd.c; sourceTree = "<group>"; };
		8CAFC70D27ADA8CA00FA69B7 /* events.c */ = {isa = PBXFileReference; lastKnownFileType = sourcecode.c.c; path = events.c; sourceTree = "<group>"; };
		8CAFC70F27ADAABE00FA69B7 /* libSDL2_ttf.dylib */ = {isa = PBXFileReference; lastKnownFileType = "compiled.mach-o.dylib"; name = libSDL2_ttf.dylib; path = ../../../../../../../../usr/local/Cellar/sdl2_ttf/2.0.18/lib/libSDL2_ttf.dylib; sourceTree = "<group>"; };
		8CAFC71127ADB0FD00FA69B7 /* kb.c */ = {isa = PBXFileReference; lastKnownFileType = sourcecode.c.c; path = kb.c; sourceTree = "<group>"; };
		8CAFC71427ADB33200FA69B7 /* stack.c */ = {isa = PBXFileReference; lastKnownFileType = sourcecode.c.c; path = stack.c; sourceTree = "<group>"; };
		8CAFC71827ADBEBF00FA69B7 /* advops.c */ = {isa = PBXFileReference; lastKnownFileType = sourcecode.c.c; path = advops.c; sourceTree = "<group>"; };
		8CB19B1C27A9FDCB00CC7204 /* plasmvm */ = {isa = PBXFileReference; explicitFileType = "compiled.mach-o.executable"; includeInIndex = 0; path = plasmvm; sourceTree = BUILT_PRODUCTS_DIR; };
		8CB19B1F27A9FDCB00CC7204 /* main.c */ = {isa = PBXFileReference; lastKnownFileType = sourcecode.c.c; path = main.c; sourceTree = "<group>"; };
		8CB19B2A27A9FDF800CC7204 /* io.h */ = {isa = PBXFileReference; lastKnownFileType = sourcecode.c.h; path = io.h; sourceTree = "<group>"; };
		8CB19B2B27A9FDFF00CC7204 /* mmu.h */ = {isa = PBXFileReference; lastKnownFileType = sourcecode.c.h; path = mmu.h; sourceTree = "<group>"; };
		8CB19B2D27A9FE1600CC7204 /* cpu.h */ = {isa = PBXFileReference; lastKnownFileType = sourcecode.c.h; path = cpu.h; sourceTree = "<group>"; };
		8CB19B2E27A9FE6A00CC7204 /* ctx.h */ = {isa = PBXFileReference; lastKnownFileType = sourcecode.c.h; path = ctx.h; sourceTree = "<group>"; };
		8CB19B2F27A9FF9A00CC7204 /* ops.c */ = {isa = PBXFileReference; lastKnownFileType = sourcecode.c.c; path = ops.c; sourceTree = "<group>"; };
/* End PBXFileReference section */

/* Begin PBXFrameworksBuildPhase section */
		8CB19B1927A9FDCB00CC7204 /* Frameworks */ = {
			isa = PBXFrameworksBuildPhase;
			buildActionMask = 2147483647;
			files = (
				8CAFC71027ADAABE00FA69B7 /* libSDL2_ttf.dylib in Frameworks */,
				8CAFC70327ADA51500FA69B7 /* libSDL2.dylib in Frameworks */,
			);
			runOnlyForDeploymentPostprocessing = 0;
		};
/* End PBXFrameworksBuildPhase section */

/* Begin PBXGroup section */
		8C925E8327AB0EDD00150F9E /* term */ = {
			isa = PBXGroup;
			children = (
				8C925E8427AB0EED00150F9E /* term.h */,
				8C925E8527AB0F3400150F9E /* termdata.c */,
				8CAFC6FD27AD9F9F00FA69B7 /* sdl.c */,
			);
			path = term;
			sourceTree = "<group>";
		};
		8CAFC6FF27AD9FD200FA69B7 /* Frameworks */ = {
			isa = PBXGroup;
			children = (
				8CAFC70F27ADAABE00FA69B7 /* libSDL2_ttf.dylib */,
				8CAFC70227ADA51500FA69B7 /* libSDL2.dylib */,
				8CAFC70027AD9FD200FA69B7 /* libSDL2.dylib */,
			);
			name = Frameworks;
			sourceTree = "<group>";
		};
		8CAFC70427ADA66800FA69B7 /* kb */ = {
			isa = PBXGroup;
			children = (
				8CAFC70527ADA69700FA69B7 /* kb.h */,
				8CAFC71127ADB0FD00FA69B7 /* kb.c */,
			);
			path = kb;
			sourceTree = "<group>";
		};
		8CAFC70927ADA7D600FA69B7 /* scd */ = {
			isa = PBXGroup;
			children = (
				8CAFC70A27ADA7E100FA69B7 /* scd.h */,
				8CAFC70B27ADA8B100FA69B7 /* scd.c */,
				8CAFC70D27ADA8CA00FA69B7 /* events.c */,
			);
			path = scd;
			sourceTree = "<group>";
		};
		8CB19B1327A9FDCA00CC7204 = {
			isa = PBXGroup;
			children = (
				8CB19B1E27A9FDCB00CC7204 /* plasmvm */,
				8CB19B1D27A9FDCB00CC7204 /* Products */,
				8CAFC6FF27AD9FD200FA69B7 /* Frameworks */,
			);
			sourceTree = "<group>";
		};
		8CB19B1D27A9FDCB00CC7204 /* Products */ = {
			isa = PBXGroup;
			children = (
				8CB19B1C27A9FDCB00CC7204 /* plasmvm */,
			);
			name = Products;
			sourceTree = "<group>";
		};
		8CB19B1E27A9FDCB00CC7204 /* plasmvm */ = {
			isa = PBXGroup;
			children = (
				8CB19B2927A9FDEC00CC7204 /* io */,
				8CB19B2827A9FDE900CC7204 /* mmu */,
				8CB19B2727A9FDE500CC7204 /* cpu */,
				8CB19B1F27A9FDCB00CC7204 /* main.c */,
				8CB19B2E27A9FE6A00CC7204 /* ctx.h */,
			);
			path = plasmvm;
			sourceTree = "<group>";
		};
		8CB19B2727A9FDE500CC7204 /* cpu */ = {
			isa = PBXGroup;
			children = (
				8CB19B2D27A9FE1600CC7204 /* cpu.h */,
				8CB19B2F27A9FF9A00CC7204 /* ops.c */,
				8C925E7927AAED6E00150F9E /* handlers.c */,
				8C925E7B27AAF04200150F9E /* cpu.c */,
				8CAFC71827ADBEBF00FA69B7 /* advops.c */,
			);
			path = cpu;
			sourceTree = "<group>";
		};
		8CB19B2827A9FDE900CC7204 /* mmu */ = {
			isa = PBXGroup;
			children = (
				8CB19B2B27A9FDFF00CC7204 /* mmu.h */,
				8C925E7D27AB043600150F9E /* read.c */,
				8C925E7F27AB057900150F9E /* load.c */,
				8C925E8127AB08C000150F9E /* translate.c */,
				8CAFC71427ADB33200FA69B7 /* stack.c */,
			);
			path = mmu;
			sourceTree = "<group>";
		};
		8CB19B2927A9FDEC00CC7204 /* io */ = {
			isa = PBXGroup;
			children = (
				8CB19B2A27A9FDF800CC7204 /* io.h */,
				8C05BC6227B2B701006F57AD /* io_bus.c */,
				8CAFC70727ADA76C00FA69B7 /* io_load.c */,
				8CAFC70927ADA7D600FA69B7 /* scd */,
				8CAFC70427ADA66800FA69B7 /* kb */,
				8C925E8327AB0EDD00150F9E /* term */,
			);
			path = io;
			sourceTree = "<group>";
		};
/* End PBXGroup section */

/* Begin PBXNativeTarget section */
		8CB19B1B27A9FDCB00CC7204 /* plasmvm */ = {
			isa = PBXNativeTarget;
			buildConfigurationList = 8CB19B2327A9FDCB00CC7204 /* Build configuration list for PBXNativeTarget "plasmvm" */;
			buildPhases = (
				8CB19B1827A9FDCB00CC7204 /* Sources */,
				8CB19B1927A9FDCB00CC7204 /* Frameworks */,
				8CB19B1A27A9FDCB00CC7204 /* CopyFiles */,
			);
			buildRules = (
			);
			dependencies = (
			);
			name = plasmvm;
			productName = plasmvm;
			productReference = 8CB19B1C27A9FDCB00CC7204 /* plasmvm */;
			productType = "com.apple.product-type.tool";
		};
/* End PBXNativeTarget section */

/* Begin PBXProject section */
		8CB19B1427A9FDCA00CC7204 /* Project object */ = {
			isa = PBXProject;
			attributes = {
				BuildIndependentTargetsInParallel = 1;
				LastUpgradeCheck = 1320;
				TargetAttributes = {
					8CB19B1B27A9FDCB00CC7204 = {
						CreatedOnToolsVersion = 13.2.1;
					};
				};
			};
			buildConfigurationList = 8CB19B1727A9FDCA00CC7204 /* Build configuration list for PBXProject "plasmvm" */;
			compatibilityVersion = "Xcode 13.0";
			developmentRegion = en;
			hasScannedForEncodings = 0;
			knownRegions = (
				en,
				Base,
			);
			mainGroup = 8CB19B1327A9FDCA00CC7204;
			productRefGroup = 8CB19B1D27A9FDCB00CC7204 /* Products */;
			projectDirPath = "";
			projectRoot = "";
			targets = (
				8CB19B1B27A9FDCB00CC7204 /* plasmvm */,
			);
		};
/* End PBXProject section */

/* Begin PBXSourcesBuildPhase section */
		8CB19B1827A9FDCB00CC7204 /* Sources */ = {
			isa = PBXSourcesBuildPhase;
			buildActionMask = 2147483647;
			files = (
				8CAFC71527ADB33200FA69B7 /* stack.c in Sources */,
				8CAFC70C27ADA8B100FA69B7 /* scd.c in Sources */,
				8CAFC70627ADA69700FA69B7 /* kb.h in Sources */,
				8C925E7E27AB043600150F9E /* read.c in Sources */,
				8C925E8227AB08C000150F9E /* translate.c in Sources */,
				8CAFC71927ADBEBF00FA69B7 /* advops.c in Sources */,
				8CB19B3027A9FF9A00CC7204 /* ops.c in Sources */,
				8CAFC70E27ADA8CA00FA69B7 /* events.c in Sources */,
				8C05BC6327B2B701006F57AD /* io_bus.c in Sources */,
				8CAFC70827ADA76C00FA69B7 /* io_load.c in Sources */,
				8CAFC6FE27AD9F9F00FA69B7 /* sdl.c in Sources */,
				8CB19B2027A9FDCB00CC7204 /* main.c in Sources */,
				8C925E8027AB057900150F9E /* load.c in Sources */,
				8C925E8627AB0F3400150F9E /* termdata.c in Sources */,
				8C925E7A27AAED6E00150F9E /* handlers.c in Sources */,
				8CAFC71227ADB0FD00FA69B7 /* kb.c in Sources */,
				8C925E7C27AAF04200150F9E /* cpu.c in Sources */,
			);
			runOnlyForDeploymentPostprocessing = 0;
		};
/* End PBXSourcesBuildPhase section */

/* Begin XCBuildConfiguration section */
		8CB19B2127A9FDCB00CC7204 /* Debug */ = {
			isa = XCBuildConfiguration;
			buildSettings = {
				ALWAYS_SEARCH_USER_PATHS = NO;
				CLANG_ANALYZER_NONNULL = YES;
				CLANG_ANALYZER_NUMBER_OBJECT_CONVERSION = YES_AGGRESSIVE;
				CLANG_CXX_LANGUAGE_STANDARD = "gnu++17";
				CLANG_CXX_LIBRARY = "libc++";
				CLANG_ENABLE_MODULES = YES;
				CLANG_ENABLE_OBJC_ARC = YES;
				CLANG_ENABLE_OBJC_WEAK = YES;
				CLANG_WARN_BLOCK_CAPTURE_AUTORELEASING = YES;
				CLANG_WARN_BOOL_CONVERSION = YES;
				CLANG_WARN_COMMA = YES;
				CLANG_WARN_CONSTANT_CONVERSION = YES;
				CLANG_WARN_DEPRECATED_OBJC_IMPLEMENTATIONS = YES;
				CLANG_WARN_DIRECT_OBJC_ISA_USAGE = YES_ERROR;
				CLANG_WARN_DOCUMENTATION_COMMENTS = YES;
				CLANG_WARN_EMPTY_BODY = YES;
				CLANG_WARN_ENUM_CONVERSION = YES;
				CLANG_WARN_INFINITE_RECURSION = YES;
				CLANG_WARN_INT_CONVERSION = YES;
				CLANG_WARN_NON_LITERAL_NULL_CONVERSION = YES;
				CLANG_WARN_OBJC_IMPLICIT_RETAIN_SELF = YES;
				CLANG_WARN_OBJC_LITERAL_CONVERSION = YES;
				CLANG_WARN_OBJC_ROOT_CLASS = YES_ERROR;
				CLANG_WARN_QUOTED_INCLUDE_IN_FRAMEWORK_HEADER = YES;
				CLANG_WARN_RANGE_LOOP_ANALYSIS = YES;
				CLANG_WARN_STRICT_PROTOTYPES = YES;
				CLANG_WARN_SUSPICIOUS_MOVE = YES;
				CLANG_WARN_UNGUARDED_AVAILABILITY = YES_AGGRESSIVE;
				CLANG_WARN_UNREACHABLE_CODE = YES;
				CLANG_WARN__DUPLICATE_METHOD_MATCH = YES;
				COPY_PHASE_STRIP = NO;
				DEBUG_INFORMATION_FORMAT = dwarf;
				ENABLE_STRICT_OBJC_MSGSEND = YES;
				ENABLE_TESTABILITY = YES;
				GCC_C_LANGUAGE_STANDARD = gnu11;
				GCC_DYNAMIC_NO_PIC = NO;
				GCC_NO_COMMON_BLOCKS = YES;
				GCC_OPTIMIZATION_LEVEL = 0;
				GCC_PREPROCESSOR_DEFINITIONS = (
					"DEBUG=1",
					"$(inherited)",
				);
				GCC_WARN_64_TO_32_BIT_CONVERSION = YES;
				GCC_WARN_ABOUT_RETURN_TYPE = YES_ERROR;
				GCC_WARN_UNDECLARED_SELECTOR = YES;
				GCC_WARN_UNINITIALIZED_AUTOS = YES_AGGRESSIVE;
				GCC_WARN_UNUSED_FUNCTION = YES;
				GCC_WARN_UNUSED_VARIABLE = YES;
				MACOSX_DEPLOYMENT_TARGET = 12.1;
				MTL_ENABLE_DEBUG_INFO = INCLUDE_SOURCE;
				MTL_FAST_MATH = YES;
				ONLY_ACTIVE_ARCH = YES;
				SDKROOT = macosx;
			};
			name = Debug;
		};
		8CB19B2227A9FDCB00CC7204 /* Release */ = {
			isa = XCBuildConfiguration;
			buildSettings = {
				ALWAYS_SEARCH_USER_PATHS = NO;
				CLANG_ANALYZER_NONNULL = YES;
				CLANG_ANALYZER_NUMBER_OBJECT_CONVERSION = YES_AGGRESSIVE;
				CLANG_CXX_LANGUAGE_STANDARD = "gnu++17";
				CLANG_CXX_LIBRARY = "libc++";
				CLANG_ENABLE_MODULES = YES;
				CLANG_ENABLE_OBJC_ARC = YES;
				CLANG_ENABLE_OBJC_WEAK = YES;
				CLANG_WARN_BLOCK_CAPTURE_AUTORELEASING = YES;
				CLANG_WARN_BOOL_CONVERSION = YES;
				CLANG_WARN_COMMA = YES;
				CLANG_WARN_CONSTANT_CONVERSION = YES;
				CLANG_WARN_DEPRECATED_OBJC_IMPLEMENTATIONS = YES;
				CLANG_WARN_DIRECT_OBJC_ISA_USAGE = YES_ERROR;
				CLANG_WARN_DOCUMENTATION_COMMENTS = YES;
				CLANG_WARN_EMPTY_BODY = YES;
				CLANG_WARN_ENUM_CONVERSION = YES;
				CLANG_WARN_INFINITE_RECURSION = YES;
				CLANG_WARN_INT_CONVERSION = YES;
				CLANG_WARN_NON_LITERAL_NULL_CONVERSION = YES;
				CLANG_WARN_OBJC_IMPLICIT_RETAIN_SELF = YES;
				CLANG_WARN_OBJC_LITERAL_CONVERSION = YES;
				CLANG_WARN_OBJC_ROOT_CLASS = YES_ERROR;
				CLANG_WARN_QUOTED_INCLUDE_IN_FRAMEWORK_HEADER = YES;
				CLANG_WARN_RANGE_LOOP_ANALYSIS = YES;
				CLANG_WARN_STRICT_PROTOTYPES = YES;
				CLANG_WARN_SUSPICIOUS_MOVE = YES;
				CLANG_WARN_UNGUARDED_AVAILABILITY = YES_AGGRESSIVE;
				CLANG_WARN_UNREACHABLE_CODE = YES;
				CLANG_WARN__DUPLICATE_METHOD_MATCH = YES;
				COPY_PHASE_STRIP = NO;
				DEBUG_INFORMATION_FORMAT = "dwarf-with-dsym";
				ENABLE_NS_ASSERTIONS = NO;
				ENABLE_STRICT_OBJC_MSGSEND = YES;
				GCC_C_LANGUAGE_STANDARD = gnu11;
				GCC_NO_COMMON_BLOCKS = YES;
				GCC_WARN_64_TO_32_BIT_CONVERSION = YES;
				GCC_WARN_ABOUT_RETURN_TYPE = YES_ERROR;
				GCC_WARN_UNDECLARED_SELECTOR = YES;
				GCC_WARN_UNINITIALIZED_AUTOS = YES_AGGRESSIVE;
				GCC_WARN_UNUSED_FUNCTION = YES;
				GCC_WARN_UNUSED_VARIABLE = YES;
				MACOSX_DEPLOYMENT_TARGET = 12.1;
				MTL_ENABLE_DEBUG_INFO = NO;
				MTL_FAST_MATH = YES;
				SDKROOT = macosx;
			};
			name = Release;
		};
		8CB19B2427A9FDCB00CC7204 /* Debug */ = {
			isa = XCBuildConfiguration;
			buildSettings = {
				CODE_SIGN_STYLE = Automatic;
				HEADER_SEARCH_PATHS = (
					"/usr/local/Cellar/sdl2/2.0.20/include/SDL2/**",
					/usr/local/Cellar/sdl2_ttf/2.0.18/include/SDL2,
				);
				LIBRARY_SEARCH_PATHS = (
					"$(inherited)/**",
					/usr/local/Cellar/sdl2/2.0.20/lib,
					/usr/local/Cellar/sdl2_ttf/2.0.18/lib,
				);
				PRODUCT_NAME = "$(TARGET_NAME)";
			};
			name = Debug;
		};
		8CB19B2527A9FDCB00CC7204 /* Release */ = {
			isa = XCBuildConfiguration;
			buildSettings = {
				CODE_SIGN_STYLE = Automatic;
				HEADER_SEARCH_PATHS = (
					"/usr/local/Cellar/sdl2/2.0.20/include/SDL2/**",
					/usr/local/Cellar/sdl2_ttf/2.0.18/include/SDL2,
				);
				LIBRARY_SEARCH_PATHS = (
					"$(inherited)/**",
					/usr/local/Cellar/sdl2/2.0.20/lib,
					/usr/local/Cellar/sdl2_ttf/2.0.18/lib,
				);
				PRODUCT_NAME = "$(TARGET_NAME)";
			};
			name = Release;
		};
/* End XCBuildConfiguration section */

/* Begin XCConfigurationList section */
		8CB19B1727A9FDCA00CC7204 /* Build configuration list for PBXProject "plasmvm" */ = {
			isa = XCConfigurationList;
			buildConfigurations = (
				8CB19B2127A9FDCB00CC7204 /* Debug */,
				8CB19B2227A9FDCB00CC7204 /* Release */,
			);
			defaultConfigurationIsVisible = 0;
			defaultConfigurationName = Release;
		};
		8CB19B2327A9FDCB00CC7204 /* Build configuration list for PBXNativeTarget "plasmvm" */ = {
			isa = XCConfigurationList;
			buildConfigurations = (
				8CB19B2427A9FDCB00CC7204 /* Debug */,
				8CB19B2527A9FDCB00CC7204 /* Release */,
			);
			defaultConfigurationIsVisible = 0;
			defaultConfigurationName = Release;
		};
/* End XCConfigurationList section */
	};
	rootObject = 8CB19B1427A9FDCA00CC7204 /* Project object */;
}
